
Microsoft Visual Studio Solution File, Format Version 10.00
# Visual Studio 2008
Project("{8BC9CEB8-8B4A-11D0-8D11-00A0C91BC942}") = "CG8_TextureMapping", "CG8_TextureMapping\CG8_TextureMapping.vcproj", "{EF519389-B296-4A82-BE72-B7BA68A7A86E}"
EndProject
Global
	GlobalSection(SolutionConfigurationPlatforms) = preSolution
		Debug|Win32 = Debug|Win32
		Release|Win32 = Release|Win32
	EndGlobalSection
	GlobalSection(ProjectConfigurationPlatforms) = postSolution
		{EF519389-B296-4A82-BE72-B7BA68A7A86E}.Debug|Win32.ActiveCfg = Debug|Win32
		{EF519389-B296-4A82-BE72-B7BA68A7A86E}.Debug|Win32.Build.0 = Debug|Win32
		{EF519389-B296-4A82-BE72-B7BA68A7A86E}.Release|Win32.ActiveCfg = Release|Win32
		{EF519389-B296-4A82-BE72-B7BA68A7A86E}.Release|Win32.Build.0 = Release|Win32
	EndGlobalSection
	GlobalSection(SolutionProperties) = preSolution
		HideSolutionNode = FALSE
	EndGlobalSection
EndGlobal
