
Microsoft Visual Studio Solution File, Format Version 12.00
# Visual Studio 15
VisualStudioVersion = 15.0.28307.106
MinimumVisualStudioVersion = 10.0.40219.1
Project("{8BC9CEB8-8B4A-11D0-8D11-00A0C91BC942}") = "CG6_BezierCurve", "CG6_BezierCurve\CG6_BezierCurve.vcxproj", "{9AFADCCF-F622-4558-B728-3FAB9C0AE23A}"
EndProject
Global
	GlobalSection(SolutionConfigurationPlatforms) = preSolution
		Debug|Win32 = Debug|Win32
		Release|Win32 = Release|Win32
	EndGlobalSection
	GlobalSection(ProjectConfigurationPlatforms) = postSolution
		{9AFADCCF-F622-4558-B728-3FAB9C0AE23A}.Debug|Win32.ActiveCfg = Debug|Win32
		{9AFADCCF-F622-4558-B728-3FAB9C0AE23A}.Debug|Win32.Build.0 = Debug|Win32
		{9AFADCCF-F622-4558-B728-3FAB9C0AE23A}.Release|Win32.ActiveCfg = Release|Win32
		{9AFADCCF-F622-4558-B728-3FAB9C0AE23A}.Release|Win32.Build.0 = Release|Win32
	EndGlobalSection
	GlobalSection(SolutionProperties) = preSolution
		HideSolutionNode = FALSE
	EndGlobalSection
	GlobalSection(ExtensibilityGlobals) = postSolution
		SolutionGuid = {D14FD201-4008-4511-943D-490D78512621}
	EndGlobalSection
EndGlobal
