
Microsoft Visual Studio Solution File, Format Version 12.00
# Visual Studio 15
VisualStudioVersion = 15.0.28307.705
MinimumVisualStudioVersion = 10.0.40219.1
Project("{8BC9CEB8-8B4A-11D0-8D11-00A0C91BC942}") = "CG3.6_Map", "CG3.6_Map\CG3.6_Map.vcxproj", "{C7A2B7D5-7912-4485-8A34-EA0EBE19B3FD}"
EndProject
Global
	GlobalSection(SolutionConfigurationPlatforms) = preSolution
		Debug|Win32 = Debug|Win32
		Release|Win32 = Release|Win32
	EndGlobalSection
	GlobalSection(ProjectConfigurationPlatforms) = postSolution
		{C7A2B7D5-7912-4485-8A34-EA0EBE19B3FD}.Debug|Win32.ActiveCfg = Debug|Win32
		{C7A2B7D5-7912-4485-8A34-EA0EBE19B3FD}.Debug|Win32.Build.0 = Debug|Win32
		{C7A2B7D5-7912-4485-8A34-EA0EBE19B3FD}.Release|Win32.ActiveCfg = Release|Win32
		{C7A2B7D5-7912-4485-8A34-EA0EBE19B3FD}.Release|Win32.Build.0 = Release|Win32
	EndGlobalSection
	GlobalSection(SolutionProperties) = preSolution
		HideSolutionNode = FALSE
	EndGlobalSection
	GlobalSection(ExtensibilityGlobals) = postSolution
		SolutionGuid = {141AD17A-7DC9-4117-B275-46F507F6BEFF}
	EndGlobalSection
EndGlobal
